
Microsoft Visual Studio Solution File, Format Version 12.00
# Visual Studio Version 16
VisualStudioVersion = 16.0.31112.23
MinimumVisualStudioVersion = 10.0.40219.1
Project("{FAE04EC0-301F-11D3-BF4B-00C04F79EFBC}") = "StarsWarsWebapi", "StarsWarsWebapi\StarsWarsWebapi.csproj", "{B9321C9A-43D3-45C4-9DF6-087F25B26FEC}"
EndProject
Project("{FAE04EC0-301F-11D3-BF4B-00C04F79EFBC}") = "InfraStructure", "InfraStructure\InfraStructure.csproj", "{128F4659-FE06-4583-A456-090A308225C2}"
EndProject
Project("{FAE04EC0-301F-11D3-BF4B-00C04F79EFBC}") = "Application", "Application\Application.csproj", "{084F9BB9-5587-4B7F-85CF-7A07E0A0FCC2}"
EndProject
Global
	GlobalSection(SolutionConfigurationPlatforms) = preSolution
		Debug|Any CPU = Debug|Any CPU
		Release|Any CPU = Release|Any CPU
	EndGlobalSection
	GlobalSection(ProjectConfigurationPlatforms) = postSolution
		{B9321C9A-43D3-45C4-9DF6-087F25B26FEC}.Debug|Any CPU.ActiveCfg = Debug|Any CPU
		{B9321C9A-43D3-45C4-9DF6-087F25B26FEC}.Debug|Any CPU.Build.0 = Debug|Any CPU
		{B9321C9A-43D3-45C4-9DF6-087F25B26FEC}.Release|Any CPU.ActiveCfg = Release|Any CPU
		{B9321C9A-43D3-45C4-9DF6-087F25B26FEC}.Release|Any CPU.Build.0 = Release|Any CPU
		{128F4659-FE06-4583-A456-090A308225C2}.Debug|Any CPU.ActiveCfg = Debug|Any CPU
		{128F4659-FE06-4583-A456-090A308225C2}.Debug|Any CPU.Build.0 = Debug|Any CPU
		{128F4659-FE06-4583-A456-090A308225C2}.Release|Any CPU.ActiveCfg = Release|Any CPU
		{128F4659-FE06-4583-A456-090A308225C2}.Release|Any CPU.Build.0 = Release|Any CPU
		{084F9BB9-5587-4B7F-85CF-7A07E0A0FCC2}.Debug|Any CPU.ActiveCfg = Debug|Any CPU
		{084F9BB9-5587-4B7F-85CF-7A07E0A0FCC2}.Debug|Any CPU.Build.0 = Debug|Any CPU
		{084F9BB9-5587-4B7F-85CF-7A07E0A0FCC2}.Release|Any CPU.ActiveCfg = Release|Any CPU
		{084F9BB9-5587-4B7F-85CF-7A07E0A0FCC2}.Release|Any CPU.Build.0 = Release|Any CPU
	EndGlobalSection
	GlobalSection(SolutionProperties) = preSolution
		HideSolutionNode = FALSE
	EndGlobalSection
	GlobalSection(ExtensibilityGlobals) = postSolution
		SolutionGuid = {C783B7AE-2C6C-4CEA-A8F0-5E3AE7BB0565}
	EndGlobalSection
EndGlobal
